
Microsoft Visual Studio Solution File, Format Version 12.00
# Visual Studio Version 17
VisualStudioVersion = 17.14.36310.24 d17.14
MinimumVisualStudioVersion = 10.0.40219.1
Project("{FAE04EC0-301F-11D3-BF4B-00C04F79EFBC}") = "Backend", "Backend\Backend.csproj", "{508EC9C8-241F-49BC-9DE7-4BC2A8041805}"
EndProject
Project("{FAE04EC0-301F-11D3-BF4B-00C04F79EFBC}") = "Services", "Services\Services.csproj", "{06BC84E1-C41D-4435-9ED7-3E173104DAC3}"
EndProject
Global
	GlobalSection(SolutionConfigurationPlatforms) = preSolution
		Debug|Any CPU = Debug|Any CPU
		Release|Any CPU = Release|Any CPU
	EndGlobalSection
	GlobalSection(ProjectConfigurationPlatforms) = postSolution
		{508EC9C8-241F-49BC-9DE7-4BC2A8041805}.Debug|Any CPU.ActiveCfg = Debug|Any CPU
		{508EC9C8-241F-49BC-9DE7-4BC2A8041805}.Debug|Any CPU.Build.0 = Debug|Any CPU
		{508EC9C8-241F-49BC-9DE7-4BC2A8041805}.Release|Any CPU.ActiveCfg = Release|Any CPU
		{508EC9C8-241F-49BC-9DE7-4BC2A8041805}.Release|Any CPU.Build.0 = Release|Any CPU
		{06BC84E1-C41D-4435-9ED7-3E173104DAC3}.Debug|Any CPU.ActiveCfg = Debug|Any CPU
		{06BC84E1-C41D-4435-9ED7-3E173104DAC3}.Debug|Any CPU.Build.0 = Debug|Any CPU
		{06BC84E1-C41D-4435-9ED7-3E173104DAC3}.Release|Any CPU.ActiveCfg = Release|Any CPU
		{06BC84E1-C41D-4435-9ED7-3E173104DAC3}.Release|Any CPU.Build.0 = Release|Any CPU
	EndGlobalSection
	GlobalSection(SolutionProperties) = preSolution
		HideSolutionNode = FALSE
	EndGlobalSection
	GlobalSection(ExtensibilityGlobals) = postSolution
		SolutionGuid = {E87FEBFC-9A17-49DE-A01C-3F62A19C6DA7}
	EndGlobalSection
EndGlobal
